
Microsoft Visual Studio Solution File, Format Version 11.00
# Visual Studio 2010
Project("{8BC9CEB8-8B4A-11D0-8D11-00A0C91BC942}") = "MY_FIRST_WAIGUA", "MY_FIRST_WAIGUA\MY_FIRST_WAIGUA.vcxproj", "{8614B015-F111-4D84-834D-BB2A201964CD}"
EndProject
Project("{8BC9CEB8-8B4A-11D0-8D11-00A0C91BC942}") = "Test", "Test\Test.vcxproj", "{B8C2BB95-BD83-47CD-A29C-AEA6CB896F2E}"
EndProject
Global
	GlobalSection(SolutionConfigurationPlatforms) = preSolution
		Debug|Win32 = Debug|Win32
		Release|Win32 = Release|Win32
	EndGlobalSection
	GlobalSection(ProjectConfigurationPlatforms) = postSolution
		{8614B015-F111-4D84-834D-BB2A201964CD}.Debug|Win32.ActiveCfg = Debug|Win32
		{8614B015-F111-4D84-834D-BB2A201964CD}.Debug|Win32.Build.0 = Debug|Win32
		{8614B015-F111-4D84-834D-BB2A201964CD}.Release|Win32.ActiveCfg = Release|Win32
		{8614B015-F111-4D84-834D-BB2A201964CD}.Release|Win32.Build.0 = Release|Win32
		{B8C2BB95-BD83-47CD-A29C-AEA6CB896F2E}.Debug|Win32.ActiveCfg = Debug|Win32
		{B8C2BB95-BD83-47CD-A29C-AEA6CB896F2E}.Debug|Win32.Build.0 = Debug|Win32
		{B8C2BB95-BD83-47CD-A29C-AEA6CB896F2E}.Release|Win32.ActiveCfg = Release|Win32
		{B8C2BB95-BD83-47CD-A29C-AEA6CB896F2E}.Release|Win32.Build.0 = Release|Win32
	EndGlobalSection
	GlobalSection(SolutionProperties) = preSolution
		HideSolutionNode = FALSE
	EndGlobalSection
EndGlobal
